<?xml version="1.0" encoding="utf-8"?>
<Project ToolsVersion="4.0" xmlns="http://schemas.microsoft.com/developer/msbuild/2003">
  <ItemGroup>
    <Filter Include="Source Files">
      <UniqueIdentifier>{4FC737F1-C7A5-4376-A066-2A32D752A2FF}</UniqueIdentifier>
      <Extensions>cpp;c;cc;cxx;c++;cppm;ixx;def;odl;idl;hpj;bat;asm;asmx</Extensions>
    </Filter>
    <Filter Include="Header Files">
      <UniqueIdentifier>{93995380-89BD-4b04-88EB-625FBE52EBFB}</UniqueIdentifier>
      <Extensions>h;hh;hpp;hxx;h++;hm;inl;inc;ipp;xsd</Extensions>
    </Filter>
    <Filter Include="Resource Files">
      <UniqueIdentifier>{67DA6AB6-F800-4c08-8B7A-83BB121AAD01}</UniqueIdentifier>
      <Extensions>rc;ico;cur;bmp;dlg;rc2;rct;bin;rgs;gif;jpg;jpeg;jpe;resx;tiff;tif;png;wav;mfcribbon-ms</Extensions>
    </Filter>
  </ItemGroup>
  <ItemGroup>
    <ClCompile Include="tests\Tester.cpp">
      <Filter>Source Files</Filter>
    </ClCompile>
    <ClCompile Include="src\core\KeyboardInput.cpp">
      <Filter>Source Files</Filter>
    </ClCompile>
    <ClCompile Include="src\Main.cpp">
      <Filter>Source Files</Filter>
    </ClCompile>
    <ClCompile Include="tests\RunTests.cpp">
      <Filter>Source Files</Filter>
    </ClCompile>
    <ClCompile Include="src\infrastructure\renderer\Renderer.cpp">
      <Filter>Source Files</Filter>
    </ClCompile>
    <ClCompile Include="src\infrastructure\renderer\assets\GpuShader.cpp">
      <Filter>Source Files</Filter>
    </ClCompile>
    <ClCompile Include="src\infrastructure\app\Window.cpp">
      <Filter>Source Files</Filter>
    </ClCompile>
    <ClCompile Include="src\infrastructure\app\GlfwKeyHandler.cpp">
      <Filter>Source Files</Filter>
    </ClCompile>
    <ClCompile Include="src\infrastructure\app\Application.cpp">
      <Filter>Source Files</Filter>
    </ClCompile>
    <ClCompile Include="src\infrastructure\renderer\assets\ImportFuncs.cpp">
      <Filter>Source Files</Filter>
    </ClCompile>
    <ClCompile Include="src\infrastructure\renderer\assets\GPUMesh.cpp">
      <Filter>Source Files</Filter>
    </ClCompile>
    <ClCompile Include="src\core\Engine.cpp">
      <Filter>Source Files</Filter>
    </ClCompile>
    <ClCompile Include="src\infrastructure\engine\DebugConsoleUI.cpp">
      <Filter>Source Files</Filter>
    </ClCompile>
    <ClCompile Include="src\core\ShaderData.cpp">
      <Filter>Source Files</Filter>
    </ClCompile>
    <ClCompile Include="src\core\MaterialData.cpp">
      <Filter>Source Files</Filter>
    </ClCompile>
    <ClCompile Include="src\core\ecs\EntityRegistry.cpp">
      <Filter>Source Files</Filter>
    </ClCompile>
    <ClCompile Include="src\core\MeshData.cpp">
      <Filter>Source Files</Filter>
    </ClCompile>
    <ClCompile Include="src\core\ecs\ComponentRegistry.cpp">
      <Filter>Source Files</Filter>
    </ClCompile>
    <ClCompile Include="src\core\ecs\SystemRegistry.cpp">
      <Filter>Source Files</Filter>
    </ClCompile>
    <ClCompile Include="src\core\ecs\ComponentArray.cpp">
      <Filter>Source Files</Filter>
    </ClCompile>
    <ClCompile Include="src\core\AssetManager.cpp">
      <Filter>Source Files</Filter>
    </ClCompile>
    <ClCompile Include="include\core\ecs\components\TransformComponent.h">
      <Filter>Source Files</Filter>
    </ClCompile>
    <ClCompile Include="include\core\ecs\components\CameraComponents.h">
      <Filter>Source Files</Filter>
    </ClCompile>
    <ClCompile Include="include\core\ecs\components\MeshComponent.h">
      <Filter>Source Files</Filter>
    </ClCompile>
    <ClCompile Include="include\core\ecs\components\ShaderComponent.h">
      <Filter>Source Files</Filter>
    </ClCompile>
    <ClCompile Include="include\core\ecs\components\MaterialDataComponent.h">
      <Filter>Source Files</Filter>
    </ClCompile>
    <ClCompile Include="include\core\ecs\components\PlayerControllerComponent.h">
      <Filter>Source Files</Filter>
    </ClCompile>
    <ClCompile Include="include\core\ecs\components\CarControllerComponent.h">
      <Filter>Source Files</Filter>
    </ClCompile>
    <ClCompile Include="include\core\ecs\components\MotionPropertiesComponent.h">
      <Filter>Source Files</Filter>
    </ClCompile>
    <ClCompile Include="include\core\ecs\components\MouseInputSettingsComponent.h">
      <Filter>Source Files</Filter>
    </ClCompile>
    <ClCompile Include="include\core\ecs\systems\RenderDispatcherSystems.h">
      <Filter>Source Files</Filter>
    </ClCompile>
    <ClCompile Include="include\core\ecs\systems\ControlSystems.h">
      <Filter>Source Files</Filter>
    </ClCompile>
    <ClCompile Include="include\core\ecs\systems\LightSystems.h">
      <Filter>Source Files</Filter>
    </ClCompile>
    <ClCompile Include="include\core\ecs\systems\PhysicsSystem.cpp">
      <Filter>Source Files</Filter>
    </ClCompile>
    <ClCompile Include="include\core\ecs\systems\LightSystems.cpp">
      <Filter>Source Files</Filter>
    </ClCompile>
    <ClCompile Include="include\core\ecs\systems\ControlSystems.cpp">
      <Filter>Source Files</Filter>
    </ClCompile>
    <ClCompile Include="include\core\ecs\systems\RenderDispatcherSystems.cpp">
      <Filter>Source Files</Filter>
    </ClCompile>
    <ClCompile Include="include\core\ecs\systems\PhysicsSystem.h">
      <Filter>Source Files</Filter>
    </ClCompile>
    <ClCompile Include="include\infra\bullet\BtPhysicsEngine.cpp">
      <Filter>Source Files</Filter>
    </ClCompile>
  </ItemGroup>
  <ItemGroup>
    <ClInclude Include="tests\Tester.h">
      <Filter>Header Files</Filter>
    </ClInclude>
    <ClInclude Include="include\core\assets\AssetManager.h">
      <Filter>Header Files</Filter>
    </ClInclude>
    <ClInclude Include="include\core\events\EventDispatcher.h">
      <Filter>Header Files</Filter>
    </ClInclude>
    <ClInclude Include="include\core\input\KeyboardInput.h">
      <Filter>Header Files</Filter>
    </ClInclude>
    <ClInclude Include="include\core\input\Keys.h">
      <Filter>Header Files</Filter>
    </ClInclude>
    <ClInclude Include="include\infra\renderer\Renderer.h">
      <Filter>Header Files</Filter>
    </ClInclude>
    <ClInclude Include="include\infra\renderer\assets\GPUTexture.h">
      <Filter>Header Files</Filter>
    </ClInclude>
    <ClInclude Include="include\infra\renderer\assets\GpuShader.h">
      <Filter>Header Files</Filter>
    </ClInclude>
    <ClInclude Include="include\infra\renderer\assets\GPUMesh.h">
      <Filter>Header Files</Filter>
    </ClInclude>
    <ClInclude Include="include\core\assets\MeshData.h">
      <Filter>Header Files</Filter>
    </ClInclude>
    <ClInclude Include="include\core\assets\MaterialData.h">
      <Filter>Header Files</Filter>
    </ClInclude>
    <ClInclude Include="include\core\assets\TextureData.h">
      <Filter>Header Files</Filter>
    </ClInclude>
    <ClInclude Include="include\core\Patterns.h">
      <Filter>Header Files</Filter>
    </ClInclude>
    <ClInclude Include="include\infra\app\GlfwKeyHandler.h">
      <Filter>Header Files</Filter>
    </ClInclude>
    <ClInclude Include="include\infra\app\Window.h">
      <Filter>Header Files</Filter>
    </ClInclude>
    <ClInclude Include="include\core\engine\Engine.h">
      <Filter>Header Files</Filter>
    </ClInclude>
    <ClInclude Include="include\core\assets\ShaderData.h">
      <Filter>Header Files</Filter>
    </ClInclude>
    <ClInclude Include="include\infra\app\Application.h">
      <Filter>Header Files</Filter>
    </ClInclude>
    <ClInclude Include="include\infra\engine\ImportFuncs.h">
      <Filter>Header Files</Filter>
    </ClInclude>
    <ClInclude Include="include\infra\engine\DebugConsoleUI.h">
      <Filter>Header Files</Filter>
    </ClInclude>
    <ClInclude Include="include\core\ecs\coordinator\ECS.h">
      <Filter>Header Files</Filter>
    </ClInclude>
    <ClInclude Include="include\core\ecs\coordinator\ComponentArray.h">
      <Filter>Header Files</Filter>
    </ClInclude>
    <ClInclude Include="include\core\ecs\coordinator\ComponentRegistry.h">
      <Filter>Header Files</Filter>
    </ClInclude>
    <ClInclude Include="include\core\ecs\coordinator\Coordinator.h">
      <Filter>Header Files</Filter>
    </ClInclude>
    <ClInclude Include="include\core\ecs\coordinator\EntityRegistry.h">
      <Filter>Header Files</Filter>
    </ClInclude>
    <ClInclude Include="include\core\ecs\coordinator\System.h">
      <Filter>Header Files</Filter>
    </ClInclude>
    <ClInclude Include="include\core\ecs\coordinator\SystemRegistry.h">
      <Filter>Header Files</Filter>
    </ClInclude>
    <ClInclude Include="include\core\ecs\Game.h">
      <Filter>Header Files</Filter>
    </ClInclude>
    <ClInclude Include="include\core\Physics.h">
      <Filter>Header Files</Filter>
    </ClInclude>
    <ClInclude Include="include\infra\engine\AssetImporter.h">
      <Filter>Header Files</Filter>
    </ClInclude>
    <ClInclude Include="include\core\assets\TextureFileNameRegistry.h">
      <Filter>Header Files</Filter>
    </ClInclude>
    <ClInclude Include="include\core\assets\AssetPipeline.h">
      <Filter>Header Files</Filter>
    </ClInclude>
    <ClInclude Include="include\core\assets\MaterialRenderData.h">
      <Filter>Header Files</Filter>
    </ClInclude>
    <ClInclude Include="include\SparseSet.h">
      <Filter>Header Files</Filter>
    </ClInclude>
    <ClInclude Include="include\infra\renderer\Framebuffer.h">
      <Filter>Header Files</Filter>
    </ClInclude>
    <ClInclude Include="include\infra\renderer\DepthMap.h">
      <Filter>Header Files</Filter>
    </ClInclude>
    <ClInclude Include="include\infra\renderer\Shadows.h">
      <Filter>Header Files</Filter>
    </ClInclude>
    <ClInclude Include="include\infra\renderer\Quad.h">
      <Filter>Header Files</Filter>
    </ClInclude>
    <ClInclude Include="include\infra\renderer\DepthCubeMap.h">
      <Filter>Header Files</Filter>
    </ClInclude>
    <ClInclude Include="include\infra\renderer\ShadowCubeMap.h">
      <Filter>Header Files</Filter>
    </ClInclude>
    <ClInclude Include="include\IsUniquePtr.h">
      <Filter>Header Files</Filter>
    </ClInclude>
    <ClInclude Include="include\core\assets\AssetStorage.h">
      <Filter>Header Files</Filter>
    </ClInclude>
    <ClInclude Include="include\core\assets\AssetIds.h">
      <Filter>Header Files</Filter>
    </ClInclude>
    <ClInclude Include="include\infra\renderer\GpuAssetLoader.h">
      <Filter>Header Files</Filter>
    </ClInclude>
    <ClInclude Include="include\infra\renderer\PointlightLoader.h">
      <Filter>Header Files</Filter>
    </ClInclude>
    <ClInclude Include="include\core\ecs\components\PointlightComponents.h">
      <Filter>Header Files</Filter>
    </ClInclude>
    <ClInclude Include="include\infra\bullet\BtPhysicsEngine.h">
      <Filter>Header Files</Filter>
    </ClInclude>
    <ClInclude Include="include\core\ecs\systems\PhysicsCommandsAndEvents.h">
      <Filter>Header Files</Filter>
    </ClInclude>
    <ClInclude Include="include\core\ecs\components\PhysicsComponent.h">
      <Filter>Header Files</Filter>
    </ClInclude>
  </ItemGroup>
  <ItemGroup>
    <None Include="shaders\shader.glsl" />
    <None Include="assets\shaders\shader.glsl" />
    <None Include="assets\shaders\gridShader.glsl" />
    <None Include="assets\materials\testMaterial.mtl" />
    <None Include="assets\materials\cubeMaterial.mtl" />
    <None Include="assets\shaders\lightDebuggerShader.glsl" />
    <None Include="assets\shaders\shadows.glsl" />
    <None Include="assets\shaders\depthBufferOut.glsl" />
    <None Include="assets\shaders\pointShadow.glsl" />
    <None Include="assets\shaders\depthCubeShader.glsl" />
    <None Include="assets\shaders\depthCubemapArrayShader.glsl" />
  </ItemGroup>
  <ItemGroup>
    <Image Include="assets\materials\textures\testTextures.jpg">
      <Filter>Resource Files</Filter>
    </Image>
    <Image Include="assets\materials\textures\pic0067.gif">
      <Filter>Resource Files</Filter>
    </Image>
  </ItemGroup>
</Project>